// !$*UTF8*$!
{
	archiveVersion = 1;
	classes = {
	};
	objectVersion = 46;
	objects = {

/* Begin PBXBuildFile section */
		E222E3E11A7D342C005AD7A4 /* FeedsDataSource.m in Sources */ = {isa = PBXBuildFile; fileRef = E222E3E01A7D342C005AD7A4 /* FeedsDataSource.m */; };
		E222E3E41A7D3503005AD7A4 /* FeedsServiceManager.m in Sources */ = {isa = PBXBuildFile; fileRef = E222E3E31A7D3503005AD7A4 /* FeedsServiceManager.m */; };
		E222E3ED1A7D4689005AD7A4 /* MMRSSReaderConstants.m in Sources */ = {isa = PBXBuildFile; fileRef = E222E3EC1A7D4689005AD7A4 /* MMRSSReaderConstants.m */; };
		E27CF10D1A7A830F00E91083 /* main.m in Sources */ = {isa = PBXBuildFile; fileRef = E27CF10C1A7A830F00E91083 /* main.m */; };
		E27CF1101A7A830F00E91083 /* AppDelegate.m in Sources */ = {isa = PBXBuildFile; fileRef = E27CF10F1A7A830F00E91083 /* AppDelegate.m */; };
		E27CF1131A7A830F00E91083 /* MMRSSReader.xcdatamodeld in Sources */ = {isa = PBXBuildFile; fileRef = E27CF1111A7A830F00E91083 /* MMRSSReader.xcdatamodeld */; };
		E27CF1191A7A830F00E91083 /* Main.storyboard in Resources */ = {isa = PBXBuildFile; fileRef = E27CF1171A7A830F00E91083 /* Main.storyboard */; };
		E27CF11B1A7A830F00E91083 /* Images.xcassets in Resources */ = {isa = PBXBuildFile; fileRef = E27CF11A1A7A830F00E91083 /* Images.xcassets */; };
		E27CF11E1A7A830F00E91083 /* LaunchScreen.xib in Resources */ = {isa = PBXBuildFile; fileRef = E27CF11C1A7A830F00E91083 /* LaunchScreen.xib */; };
		E2BA64361A7D6D12001D267A /* ReadMe in Resources */ = {isa = PBXBuildFile; fileRef = E2BA64351A7D6D12001D267A /* ReadMe */; };
		E2D3A1C11A7E13A6002B4535 /* Podfile in Resources */ = {isa = PBXBuildFile; fileRef = E2D3A1C01A7E13A6002B4535 /* Podfile */; };
		E2D3A1C41A7E2CB2002B4535 /* RSSSource.m in Sources */ = {isa = PBXBuildFile; fileRef = E2D3A1C31A7E2CB2002B4535 /* RSSSource.m */; };
		E2E481111A7E8DCC0054C2E1 /* NSString-extended.m in Sources */ = {isa = PBXBuildFile; fileRef = E2E481101A7E8DCC0054C2E1 /* NSString-extended.m */; };
		E2EF1E6E1A7F901800A50992 /* RSSChannel.m in Sources */ = {isa = PBXBuildFile; fileRef = E2EF1E6D1A7F901800A50992 /* RSSChannel.m */; };
		E2EF1E711A7F901800A50992 /* RSSItem.m in Sources */ = {isa = PBXBuildFile; fileRef = E2EF1E701A7F901800A50992 /* RSSItem.m */; };
		E2EF1E7A1A7FA3B600A50992 /* GTMNSString+HTML.m in Sources */ = {isa = PBXBuildFile; fileRef = E2EF1E761A7FA3B600A50992 /* GTMNSString+HTML.m */; settings = {COMPILER_FLAGS = "-fno-objc-arc"; }; };
		E2EF1E7B1A7FA3B600A50992 /* NSString+HTML.m in Sources */ = {isa = PBXBuildFile; fileRef = E2EF1E781A7FA3B600A50992 /* NSString+HTML.m */; settings = {COMPILER_FLAGS = "-fno-objc-arc"; }; };
		E2EF1E7E1A8020FD00A50992 /* Reachability.m in Sources */ = {isa = PBXBuildFile; fileRef = E2EF1E7D1A8020FD00A50992 /* Reachability.m */; };
		E2EF1E831A8030B900A50992 /* Localization.strings in Resources */ = {isa = PBXBuildFile; fileRef = E2EF1E851A8030B900A50992 /* Localization.strings */; };
		E2F2939D1A7C0F4F0007F906 /* FavouritesTableViewController.m in Sources */ = {isa = PBXBuildFile; fileRef = E2F2939C1A7C0F4F0007F906 /* FavouritesTableViewController.m */; };
		E2F293A01A7C16A30007F906 /* FeedsTableViewController.m in Sources */ = {isa = PBXBuildFile; fileRef = E2F2939F1A7C16A30007F906 /* FeedsTableViewController.m */; };
		E2F293A31A7C1F8C0007F906 /* WebViewController.m in Sources */ = {isa = PBXBuildFile; fileRef = E2F293A21A7C1F8C0007F906 /* WebViewController.m */; };
		E2F8C66C1A7EB6D200810650 /* FeedsTableVIewCell.m in Sources */ = {isa = PBXBuildFile; fileRef = E2F8C66B1A7EB6D200810650 /* FeedsTableVIewCell.m */; };
		EC780459518A2C91A8CDF4B3 /* libPods.a in Frameworks */ = {isa = PBXBuildFile; fileRef = BAC09DB2C34035F50491B6C2 /* libPods.a */; };
/* End PBXBuildFile section */

/* Begin PBXFileReference section */
		67F7D141CB64AA2F60EDF169 /* Pods.release.xcconfig */ = {isa = PBXFileReference; includeInIndex = 1; lastKnownFileType = text.xcconfig; name = Pods.release.xcconfig; path = "Pods/Target Support Files/Pods/Pods.release.xcconfig"; sourceTree = "<group>"; };
		88A29C0430408F8B20C1ADB9 /* Pods.debug.xcconfig */ = {isa = PBXFileReference; includeInIndex = 1; lastKnownFileType = text.xcconfig; name = Pods.debug.xcconfig; path = "Pods/Target Support Files/Pods/Pods.debug.xcconfig"; sourceTree = "<group>"; };
		BAC09DB2C34035F50491B6C2 /* libPods.a */ = {isa = PBXFileReference; explicitFileType = archive.ar; includeInIndex = 0; path = libPods.a; sourceTree = BUILT_PRODUCTS_DIR; };
		E222E3DF1A7D342C005AD7A4 /* FeedsDataSource.h */ = {isa = PBXFileReference; fileEncoding = 4; lastKnownFileType = sourcecode.c.h; path = FeedsDataSource.h; sourceTree = "<group>"; };
		E222E3E01A7D342C005AD7A4 /* FeedsDataSource.m */ = {isa = PBXFileReference; fileEncoding = 4; lastKnownFileType = sourcecode.c.objc; path = FeedsDataSource.m; sourceTree = "<group>"; };
		E222E3E21A7D3503005AD7A4 /* FeedsServiceManager.h */ = {isa = PBXFileReference; fileEncoding = 4; lastKnownFileType = sourcecode.c.h; path = FeedsServiceManager.h; sourceTree = "<group>"; };
		E222E3E31A7D3503005AD7A4 /* FeedsServiceManager.m */ = {isa = PBXFileReference; fileEncoding = 4; lastKnownFileType = sourcecode.c.objc; path = FeedsServiceManager.m; sourceTree = "<group>"; };
		E222E3EB1A7D4689005AD7A4 /* MMRSSReaderConstants.h */ = {isa = PBXFileReference; fileEncoding = 4; lastKnownFileType = sourcecode.c.h; path = MMRSSReaderConstants.h; sourceTree = "<group>"; };
		E222E3EC1A7D4689005AD7A4 /* MMRSSReaderConstants.m */ = {isa = PBXFileReference; fileEncoding = 4; lastKnownFileType = sourcecode.c.objc; path = MMRSSReaderConstants.m; sourceTree = "<group>"; };
		E27CF1071A7A830F00E91083 /* MMRSSReader.app */ = {isa = PBXFileReference; explicitFileType = wrapper.application; includeInIndex = 0; path = MMRSSReader.app; sourceTree = BUILT_PRODUCTS_DIR; };
		E27CF10B1A7A830F00E91083 /* Info.plist */ = {isa = PBXFileReference; lastKnownFileType = text.plist.xml; path = Info.plist; sourceTree = "<group>"; };
		E27CF10C1A7A830F00E91083 /* main.m */ = {isa = PBXFileReference; lastKnownFileType = sourcecode.c.objc; path = main.m; sourceTree = "<group>"; };
		E27CF10E1A7A830F00E91083 /* AppDelegate.h */ = {isa = PBXFileReference; lastKnownFileType = sourcecode.c.h; path = AppDelegate.h; sourceTree = "<group>"; };
		E27CF10F1A7A830F00E91083 /* AppDelegate.m */ = {isa = PBXFileReference; lastKnownFileType = sourcecode.c.objc; path = AppDelegate.m; sourceTree = "<group>"; };
		E27CF1121A7A830F00E91083 /* MMRSSReader.xcdatamodel */ = {isa = PBXFileReference; lastKnownFileType = wrapper.xcdatamodel; path = MMRSSReader.xcdatamodel; sourceTree = "<group>"; };
		E27CF1181A7A830F00E91083 /* Base */ = {isa = PBXFileReference; lastKnownFileType = file.storyboard; name = Base; path = Base.lproj/Main.storyboard; sourceTree = "<group>"; };
		E27CF11A1A7A830F00E91083 /* Images.xcassets */ = {isa = PBXFileReference; lastKnownFileType = folder.assetcatalog; path = Images.xcassets; sourceTree = "<group>"; };
		E27CF11D1A7A830F00E91083 /* Base */ = {isa = PBXFileReference; lastKnownFileType = file.xib; name = Base; path = Base.lproj/LaunchScreen.xib; sourceTree = "<group>"; };
		E27CF1281A7A830F00E91083 /* Info.plist */ = {isa = PBXFileReference; lastKnownFileType = text.plist.xml; path = Info.plist; sourceTree = "<group>"; };
		E27CF1291A7A830F00E91083 /* MMRSSReaderTests.m */ = {isa = PBXFileReference; lastKnownFileType = sourcecode.c.objc; path = MMRSSReaderTests.m; sourceTree = "<group>"; };
		E2BA64341A7D6A4E001D267A /* MMRSSReader.pch */ = {isa = PBXFileReference; lastKnownFileType = sourcecode.c.h; path = MMRSSReader.pch; sourceTree = "<group>"; };
		E2BA64351A7D6D12001D267A /* ReadMe */ = {isa = PBXFileReference; fileEncoding = 4; lastKnownFileType = text; path = ReadMe; sourceTree = "<group>"; };
		E2D3A1C01A7E13A6002B4535 /* Podfile */ = {isa = PBXFileReference; fileEncoding = 4; lastKnownFileType = text; path = Podfile; sourceTree = "<group>"; xcLanguageSpecificationIdentifier = xcode.lang.ruby; };
		E2D3A1C21A7E2CB2002B4535 /* RSSSource.h */ = {isa = PBXFileReference; fileEncoding = 4; lastKnownFileType = sourcecode.c.h; path = RSSSource.h; sourceTree = "<group>"; };
		E2D3A1C31A7E2CB2002B4535 /* RSSSource.m */ = {isa = PBXFileReference; fileEncoding = 4; lastKnownFileType = sourcecode.c.objc; path = RSSSource.m; sourceTree = "<group>"; };
		E2E4810F1A7E8DCC0054C2E1 /* NSString-extended.h */ = {isa = PBXFileReference; fileEncoding = 4; lastKnownFileType = sourcecode.c.h; path = "NSString-extended.h"; sourceTree = "<group>"; };
		E2E481101A7E8DCC0054C2E1 /* NSString-extended.m */ = {isa = PBXFileReference; fileEncoding = 4; lastKnownFileType = sourcecode.c.objc; path = "NSString-extended.m"; sourceTree = "<group>"; };
		E2EF1E6C1A7F901800A50992 /* RSSChannel.h */ = {isa = PBXFileReference; fileEncoding = 4; lastKnownFileType = sourcecode.c.h; path = RSSChannel.h; sourceTree = "<group>"; };
		E2EF1E6D1A7F901800A50992 /* RSSChannel.m */ = {isa = PBXFileReference; fileEncoding = 4; lastKnownFileType = sourcecode.c.objc; path = RSSChannel.m; sourceTree = "<group>"; };
		E2EF1E6F1A7F901800A50992 /* RSSItem.h */ = {isa = PBXFileReference; fileEncoding = 4; lastKnownFileType = sourcecode.c.h; path = RSSItem.h; sourceTree = "<group>"; };
		E2EF1E701A7F901800A50992 /* RSSItem.m */ = {isa = PBXFileReference; fileEncoding = 4; lastKnownFileType = sourcecode.c.objc; path = RSSItem.m; sourceTree = "<group>"; };
		E2EF1E741A7FA3B600A50992 /* GTMDefines.h */ = {isa = PBXFileReference; fileEncoding = 4; lastKnownFileType = sourcecode.c.h; path = GTMDefines.h; sourceTree = "<group>"; };
		E2EF1E751A7FA3B600A50992 /* GTMNSString+HTML.h */ = {isa = PBXFileReference; fileEncoding = 4; lastKnownFileType = sourcecode.c.h; path = "GTMNSString+HTML.h"; sourceTree = "<group>"; };
		E2EF1E761A7FA3B600A50992 /* GTMNSString+HTML.m */ = {isa = PBXFileReference; fileEncoding = 4; lastKnownFileType = sourcecode.c.objc; path = "GTMNSString+HTML.m"; sourceTree = "<group>"; };
		E2EF1E771A7FA3B600A50992 /* NSString+HTML.h */ = {isa = PBXFileReference; fileEncoding = 4; lastKnownFileType = sourcecode.c.h; path = "NSString+HTML.h"; sourceTree = "<group>"; };
		E2EF1E781A7FA3B600A50992 /* NSString+HTML.m */ = {isa = PBXFileReference; fileEncoding = 4; lastKnownFileType = sourcecode.c.objc; path = "NSString+HTML.m"; sourceTree = "<group>"; };
		E2EF1E7C1A8020FD00A50992 /* Reachability.h */ = {isa = PBXFileReference; fileEncoding = 4; lastKnownFileType = sourcecode.c.h; path = Reachability.h; sourceTree = "<group>"; };
		E2EF1E7D1A8020FD00A50992 /* Reachability.m */ = {isa = PBXFileReference; fileEncoding = 4; lastKnownFileType = sourcecode.c.objc; path = Reachability.m; sourceTree = "<group>"; };
		E2EF1E811A80305700A50992 /* es */ = {isa = PBXFileReference; lastKnownFileType = text.plist.strings; name = es; path = es.lproj/Main.strings; sourceTree = "<group>"; };
		E2EF1E821A80305700A50992 /* es */ = {isa = PBXFileReference; lastKnownFileType = text.plist.strings; name = es; path = es.lproj/LaunchScreen.strings; sourceTree = "<group>"; };
		E2EF1E881A80310A00A50992 /* en */ = {isa = PBXFileReference; lastKnownFileType = text.plist.strings; name = en; path = en.lproj/Localization.strings; sourceTree = "<group>"; };
		E2EF1E891A80312D00A50992 /* es */ = {isa = PBXFileReference; lastKnownFileType = text.plist.strings; name = es; path = es.lproj/Localization.strings; sourceTree = "<group>"; };
		E2F2939B1A7C0F4F0007F906 /* FavouritesTableViewController.h */ = {isa = PBXFileReference; fileEncoding = 4; lastKnownFileType = sourcecode.c.h; path = FavouritesTableViewController.h; sourceTree = "<group>"; };
		E2F2939C1A7C0F4F0007F906 /* FavouritesTableViewController.m */ = {isa = PBXFileReference; fileEncoding = 4; lastKnownFileType = sourcecode.c.objc; path = FavouritesTableViewController.m; sourceTree = "<group>"; };
		E2F2939E1A7C16A30007F906 /* FeedsTableViewController.h */ = {isa = PBXFileReference; fileEncoding = 4; lastKnownFileType = sourcecode.c.h; path = FeedsTableViewController.h; sourceTree = "<group>"; };
		E2F2939F1A7C16A30007F906 /* FeedsTableViewController.m */ = {isa = PBXFileReference; fileEncoding = 4; lastKnownFileType = sourcecode.c.objc; path = FeedsTableViewController.m; sourceTree = "<group>"; };
		E2F293A11A7C1F8C0007F906 /* WebViewController.h */ = {isa = PBXFileReference; fileEncoding = 4; lastKnownFileType = sourcecode.c.h; path = WebViewController.h; sourceTree = "<group>"; };
		E2F293A21A7C1F8C0007F906 /* WebViewController.m */ = {isa = PBXFileReference; fileEncoding = 4; lastKnownFileType = sourcecode.c.objc; path = WebViewController.m; sourceTree = "<group>"; };
		E2F8C66A1A7EB6D200810650 /* FeedsTableVIewCell.h */ = {isa = PBXFileReference; fileEncoding = 4; lastKnownFileType = sourcecode.c.h; path = FeedsTableVIewCell.h; sourceTree = "<group>"; };
		E2F8C66B1A7EB6D200810650 /* FeedsTableVIewCell.m */ = {isa = PBXFileReference; fileEncoding = 4; lastKnownFileType = sourcecode.c.objc; path = FeedsTableVIewCell.m; sourceTree = "<group>"; };
/* End PBXFileReference section */

/* Begin PBXFrameworksBuildPhase section */
		E27CF1041A7A830F00E91083 /* Frameworks */ = {
			isa = PBXFrameworksBuildPhase;
			buildActionMask = 2147483647;
			files = (
				EC780459518A2C91A8CDF4B3 /* libPods.a in Frameworks */,
			);
			runOnlyForDeploymentPostprocessing = 0;
		};
/* End PBXFrameworksBuildPhase section */

/* Begin PBXGroup section */
		04B3B8022CC41D5730957208 /* Frameworks */ = {
			isa = PBXGroup;
			children = (
				BAC09DB2C34035F50491B6C2 /* libPods.a */,
			);
			name = Frameworks;
			sourceTree = "<group>";
		};
		86EA6FE541A1F8CDCF39957C /* Pods */ = {
			isa = PBXGroup;
			children = (
				88A29C0430408F8B20C1ADB9 /* Pods.debug.xcconfig */,
				67F7D141CB64AA2F60EDF169 /* Pods.release.xcconfig */,
			);
			name = Pods;
			sourceTree = "<group>";
		};
		E27CF0FE1A7A830F00E91083 = {
			isa = PBXGroup;
			children = (
				E2EF1E851A8030B900A50992 /* Localization.strings */,
				E2D3A1C01A7E13A6002B4535 /* Podfile */,
				E2BA64351A7D6D12001D267A /* ReadMe */,
				E2BA64341A7D6A4E001D267A /* MMRSSReader.pch */,
				E27CF1091A7A830F00E91083 /* MMRSSReader */,
				E27CF1261A7A830F00E91083 /* MMRSSReaderTests */,
				E27CF1081A7A830F00E91083 /* Products */,
				86EA6FE541A1F8CDCF39957C /* Pods */,
				04B3B8022CC41D5730957208 /* Frameworks */,
			);
			sourceTree = "<group>";
		};
		E27CF1081A7A830F00E91083 /* Products */ = {
			isa = PBXGroup;
			children = (
				E27CF1071A7A830F00E91083 /* MMRSSReader.app */,
			);
			name = Products;
			sourceTree = "<group>";
		};
		E27CF1091A7A830F00E91083 /* MMRSSReader */ = {
			isa = PBXGroup;
			children = (
				E2F8C6691A7EB68600810650 /* View */,
				E2D3A1BF1A7E10D8002B4535 /* Services */,
				E2BA643B1A7D6E62001D267A /* Controller */,
				E2BA643A1A7D6E39001D267A /* Model */,
				E27CF10E1A7A830F00E91083 /* AppDelegate.h */,
				E27CF10F1A7A830F00E91083 /* AppDelegate.m */,
				E27CF11A1A7A830F00E91083 /* Images.xcassets */,
				E27CF11C1A7A830F00E91083 /* LaunchScreen.xib */,
				E27CF1111A7A830F00E91083 /* MMRSSReader.xcdatamodeld */,
				E27CF10A1A7A830F00E91083 /* Supporting Files */,
				E222E3EB1A7D4689005AD7A4 /* MMRSSReaderConstants.h */,
				E222E3EC1A7D4689005AD7A4 /* MMRSSReaderConstants.m */,
				E2E4810F1A7E8DCC0054C2E1 /* NSString-extended.h */,
				E2E481101A7E8DCC0054C2E1 /* NSString-extended.m */,
				E2EF1E721A7FA3B600A50992 /* GTMNSString-HTML-master */,
			);
			path = MMRSSReader;
			sourceTree = "<group>";
		};
		E27CF10A1A7A830F00E91083 /* Supporting Files */ = {
			isa = PBXGroup;
			children = (
				E27CF10B1A7A830F00E91083 /* Info.plist */,
				E27CF10C1A7A830F00E91083 /* main.m */,
			);
			name = "Supporting Files";
			sourceTree = "<group>";
		};
		E27CF1261A7A830F00E91083 /* MMRSSReaderTests */ = {
			isa = PBXGroup;
			children = (
				E27CF1291A7A830F00E91083 /* MMRSSReaderTests.m */,
				E27CF1271A7A830F00E91083 /* Supporting Files */,
			);
			path = MMRSSReaderTests;
			sourceTree = "<group>";
		};
		E27CF1271A7A830F00E91083 /* Supporting Files */ = {
			isa = PBXGroup;
			children = (
				E27CF1281A7A830F00E91083 /* Info.plist */,
			);
			name = "Supporting Files";
			sourceTree = "<group>";
		};
		E2BA643A1A7D6E39001D267A /* Model */ = {
			isa = PBXGroup;
			children = (
				E222E3DF1A7D342C005AD7A4 /* FeedsDataSource.h */,
				E222E3E01A7D342C005AD7A4 /* FeedsDataSource.m */,
				E2D3A1C21A7E2CB2002B4535 /* RSSSource.h */,
				E2D3A1C31A7E2CB2002B4535 /* RSSSource.m */,
				E2EF1E6F1A7F901800A50992 /* RSSItem.h */,
				E2EF1E701A7F901800A50992 /* RSSItem.m */,
				E2EF1E6C1A7F901800A50992 /* RSSChannel.h */,
				E2EF1E6D1A7F901800A50992 /* RSSChannel.m */,
			);
			name = Model;
			sourceTree = "<group>";
		};
		E2BA643B1A7D6E62001D267A /* Controller */ = {
			isa = PBXGroup;
			children = (
				E2F2939B1A7C0F4F0007F906 /* FavouritesTableViewController.h */,
				E2F2939C1A7C0F4F0007F906 /* FavouritesTableViewController.m */,
				E2F2939E1A7C16A30007F906 /* FeedsTableViewController.h */,
				E2F2939F1A7C16A30007F906 /* FeedsTableViewController.m */,
				E2F293A11A7C1F8C0007F906 /* WebViewController.h */,
				E2F293A21A7C1F8C0007F906 /* WebViewController.m */,
			);
			name = Controller;
			sourceTree = "<group>";
		};
		E2D3A1BF1A7E10D8002B4535 /* Services */ = {
			isa = PBXGroup;
			children = (
				E2EF1E7C1A8020FD00A50992 /* Reachability.h */,
				E2EF1E7D1A8020FD00A50992 /* Reachability.m */,
				E222E3E21A7D3503005AD7A4 /* FeedsServiceManager.h */,
				E222E3E31A7D3503005AD7A4 /* FeedsServiceManager.m */,
			);
			name = Services;
			sourceTree = "<group>";
		};
		E2EF1E721A7FA3B600A50992 /* GTMNSString-HTML-master */ = {
			isa = PBXGroup;
			children = (
				E2EF1E741A7FA3B600A50992 /* GTMDefines.h */,
				E2EF1E751A7FA3B600A50992 /* GTMNSString+HTML.h */,
				E2EF1E761A7FA3B600A50992 /* GTMNSString+HTML.m */,
				E2EF1E771A7FA3B600A50992 /* NSString+HTML.h */,
				E2EF1E781A7FA3B600A50992 /* NSString+HTML.m */,
			);
			path = "GTMNSString-HTML-master";
			sourceTree = SOURCE_ROOT;
		};
		E2F8C6691A7EB68600810650 /* View */ = {
			isa = PBXGroup;
			children = (
				E27CF1171A7A830F00E91083 /* Main.storyboard */,
				E2F8C66A1A7EB6D200810650 /* FeedsTableVIewCell.h */,
				E2F8C66B1A7EB6D200810650 /* FeedsTableVIewCell.m */,
			);
			name = View;
			sourceTree = "<group>";
		};
/* End PBXGroup section */

/* Begin PBXNativeTarget section */
		E27CF1061A7A830F00E91083 /* MMRSSReader */ = {
			isa = PBXNativeTarget;
			buildConfigurationList = E27CF12D1A7A830F00E91083 /* Build configuration list for PBXNativeTarget "MMRSSReader" */;
			buildPhases = (
				45C6ECCF1EAA588B8241239C /* Check Pods Manifest.lock */,
				E27CF1031A7A830F00E91083 /* Sources */,
				E27CF1041A7A830F00E91083 /* Frameworks */,
				E27CF1051A7A830F00E91083 /* Resources */,
				F1708752290724EBBF5AA4FA /* Copy Pods Resources */,
			);
			buildRules = (
			);
			dependencies = (
			);
			name = MMRSSReader;
			productName = MMRSSReader;
			productReference = E27CF1071A7A830F00E91083 /* MMRSSReader.app */;
			productType = "com.apple.product-type.application";
		};
/* End PBXNativeTarget section */

/* Begin PBXProject section */
		E27CF0FF1A7A830F00E91083 /* Project object */ = {
			isa = PBXProject;
			attributes = {
				LastUpgradeCheck = 0610;
				ORGANIZATIONNAME = Hariprasad;
				TargetAttributes = {
					E27CF1061A7A830F00E91083 = {
						CreatedOnToolsVersion = 6.1;
					};
				};
			};
			buildConfigurationList = E27CF1021A7A830F00E91083 /* Build configuration list for PBXProject "MMRSSReader" */;
			compatibilityVersion = "Xcode 3.2";
			developmentRegion = English;
			hasScannedForEncodings = 0;
			knownRegions = (
				en,
				Base,
				es,
			);
			mainGroup = E27CF0FE1A7A830F00E91083;
			productRefGroup = E27CF1081A7A830F00E91083 /* Products */;
			projectDirPath = "";
			projectRoot = "";
			targets = (
				E27CF1061A7A830F00E91083 /* MMRSSReader */,
			);
		};
/* End PBXProject section */

/* Begin PBXResourcesBuildPhase section */
		E27CF1051A7A830F00E91083 /* Resources */ = {
			isa = PBXResourcesBuildPhase;
			buildActionMask = 2147483647;
			files = (
				E2D3A1C11A7E13A6002B4535 /* Podfile in Resources */,
				E2EF1E831A8030B900A50992 /* Localization.strings in Resources */,
				E2BA64361A7D6D12001D267A /* ReadMe in Resources */,
				E27CF1191A7A830F00E91083 /* Main.storyboard in Resources */,
				E27CF11E1A7A830F00E91083 /* LaunchScreen.xib in Resources */,
				E27CF11B1A7A830F00E91083 /* Images.xcassets in Resources */,
			);
			runOnlyForDeploymentPostprocessing = 0;
		};
/* End PBXResourcesBuildPhase section */

/* Begin PBXShellScriptBuildPhase section */
		45C6ECCF1EAA588B8241239C /* Check Pods Manifest.lock */ = {
			isa = PBXShellScriptBuildPhase;
			buildActionMask = 2147483647;
			files = (
			);
			inputPaths = (
			);
			name = "Check Pods Manifest.lock";
			outputPaths = (
			);
			runOnlyForDeploymentPostprocessing = 0;
			shellPath = /bin/sh;
			shellScript = "diff \"${PODS_ROOT}/../Podfile.lock\" \"${PODS_ROOT}/Manifest.lock\" > /dev/null\nif [[ $? != 0 ]] ; then\n    cat << EOM\nerror: The sandbox is not in sync with the Podfile.lock. Run 'pod install' or update your CocoaPods installation.\nEOM\n    exit 1\nfi\n";
			showEnvVarsInLog = 0;
		};
		F1708752290724EBBF5AA4FA /* Copy Pods Resources */ = {
			isa = PBXShellScriptBuildPhase;
			buildActionMask = 2147483647;
			files = (
			);
			inputPaths = (
			);
			name = "Copy Pods Resources";
			outputPaths = (
			);
			runOnlyForDeploymentPostprocessing = 0;
			shellPath = /bin/sh;
			shellScript = "\"${SRCROOT}/Pods/Target Support Files/Pods/Pods-resources.sh\"\n";
			showEnvVarsInLog = 0;
		};
/* End PBXShellScriptBuildPhase section */

/* Begin PBXSourcesBuildPhase section */
		E27CF1031A7A830F00E91083 /* Sources */ = {
			isa = PBXSourcesBuildPhase;
			buildActionMask = 2147483647;
			files = (
				E2EF1E6E1A7F901800A50992 /* RSSChannel.m in Sources */,
				E2F8C66C1A7EB6D200810650 /* FeedsTableVIewCell.m in Sources */,
				E27CF1131A7A830F00E91083 /* MMRSSReader.xcdatamodeld in Sources */,
				E222E3E11A7D342C005AD7A4 /* FeedsDataSource.m in Sources */,
				E2F293A31A7C1F8C0007F906 /* WebViewController.m in Sources */,
				E2EF1E7B1A7FA3B600A50992 /* NSString+HTML.m in Sources */,
				E2D3A1C41A7E2CB2002B4535 /* RSSSource.m in Sources */,
				E27CF1101A7A830F00E91083 /* AppDelegate.m in Sources */,
				E2E481111A7E8DCC0054C2E1 /* NSString-extended.m in Sources */,
				E2F2939D1A7C0F4F0007F906 /* FavouritesTableViewController.m in Sources */,
				E27CF10D1A7A830F00E91083 /* main.m in Sources */,
				E2EF1E711A7F901800A50992 /* RSSItem.m in Sources */,
				E2F293A01A7C16A30007F906 /* FeedsTableViewController.m in Sources */,
				E2EF1E7A1A7FA3B600A50992 /* GTMNSString+HTML.m in Sources */,
				E222E3E41A7D3503005AD7A4 /* FeedsServiceManager.m in Sources */,
				E2EF1E7E1A8020FD00A50992 /* Reachability.m in Sources */,
				E222E3ED1A7D4689005AD7A4 /* MMRSSReaderConstants.m in Sources */,
			);
			runOnlyForDeploymentPostprocessing = 0;
		};
/* End PBXSourcesBuildPhase section */

/* Begin PBXVariantGroup section */
		E27CF1171A7A830F00E91083 /* Main.storyboard */ = {
			isa = PBXVariantGroup;
			children = (
				E27CF1181A7A830F00E91083 /* Base */,
				E2EF1E811A80305700A50992 /* es */,
			);
			name = Main.storyboard;
			sourceTree = "<group>";
		};
		E27CF11C1A7A830F00E91083 /* LaunchScreen.xib */ = {
			isa = PBXVariantGroup;
			children = (
				E27CF11D1A7A830F00E91083 /* Base */,
				E2EF1E821A80305700A50992 /* es */,
			);
			name = LaunchScreen.xib;
			sourceTree = "<group>";
		};
		E2EF1E851A8030B900A50992 /* Localization.strings */ = {
			isa = PBXVariantGroup;
			children = (
				E2EF1E881A80310A00A50992 /* en */,
				E2EF1E891A80312D00A50992 /* es */,
			);
			name = Localization.strings;
			sourceTree = "<group>";
		};
/* End PBXVariantGroup section */

/* Begin XCBuildConfiguration section */
		E27CF12B1A7A830F00E91083 /* Debug */ = {
			isa = XCBuildConfiguration;
			buildSettings = {
				ALWAYS_SEARCH_USER_PATHS = NO;
				CLANG_CXX_LANGUAGE_STANDARD = "gnu++0x";
				CLANG_CXX_LIBRARY = "libc++";
				CLANG_ENABLE_MODULES = YES;
				CLANG_ENABLE_OBJC_ARC = YES;
				CLANG_WARN_BOOL_CONVERSION = YES;
				CLANG_WARN_CONSTANT_CONVERSION = YES;
				CLANG_WARN_DIRECT_OBJC_ISA_USAGE = YES_ERROR;
				CLANG_WARN_EMPTY_BODY = YES;
				CLANG_WARN_ENUM_CONVERSION = YES;
				CLANG_WARN_INT_CONVERSION = YES;
				CLANG_WARN_OBJC_ROOT_CLASS = YES_ERROR;
				CLANG_WARN_UNREACHABLE_CODE = YES;
				CLANG_WARN__DUPLICATE_METHOD_MATCH = YES;
				"CODE_SIGN_IDENTITY[sdk=iphoneos*]" = "iPhone Developer";
				COPY_PHASE_STRIP = NO;
				ENABLE_STRICT_OBJC_MSGSEND = YES;
				GCC_C_LANGUAGE_STANDARD = gnu99;
				GCC_DYNAMIC_NO_PIC = NO;
				GCC_OPTIMIZATION_LEVEL = 0;
				GCC_PREPROCESSOR_DEFINITIONS = (
					"DEBUG=1",
					"$(inherited)",
				);
				GCC_SYMBOLS_PRIVATE_EXTERN = NO;
				GCC_WARN_64_TO_32_BIT_CONVERSION = YES;
				GCC_WARN_ABOUT_RETURN_TYPE = YES_ERROR;
				GCC_WARN_UNDECLARED_SELECTOR = YES;
				GCC_WARN_UNINITIALIZED_AUTOS = YES_AGGRESSIVE;
				GCC_WARN_UNUSED_FUNCTION = YES;
				GCC_WARN_UNUSED_VARIABLE = YES;
				IPHONEOS_DEPLOYMENT_TARGET = 8.1;
				MTL_ENABLE_DEBUG_INFO = YES;
				ONLY_ACTIVE_ARCH = YES;
				SDKROOT = iphoneos;
				TARGETED_DEVICE_FAMILY = "1,2";
			};
			name = Debug;
		};
		E27CF12C1A7A830F00E91083 /* Release */ = {
			isa = XCBuildConfiguration;
			buildSettings = {
				ALWAYS_SEARCH_USER_PATHS = NO;
				CLANG_CXX_LANGUAGE_STANDARD = "gnu++0x";
				CLANG_CXX_LIBRARY = "libc++";
				CLANG_ENABLE_MODULES = YES;
				CLANG_ENABLE_OBJC_ARC = YES;
				CLANG_WARN_BOOL_CONVERSION = YES;
				CLANG_WARN_CONSTANT_CONVERSION = YES;
				CLANG_WARN_DIRECT_OBJC_ISA_USAGE = YES_ERROR;
				CLANG_WARN_EMPTY_BODY = YES;
				CLANG_WARN_ENUM_CONVERSION = YES;
				CLANG_WARN_INT_CONVERSION = YES;
				CLANG_WARN_OBJC_ROOT_CLASS = YES_ERROR;
				CLANG_WARN_UNREACHABLE_CODE = YES;
				CLANG_WARN__DUPLICATE_METHOD_MATCH = YES;
				"CODE_SIGN_IDENTITY[sdk=iphoneos*]" = "iPhone Developer";
				COPY_PHASE_STRIP = YES;
				ENABLE_NS_ASSERTIONS = NO;
				ENABLE_STRICT_OBJC_MSGSEND = YES;
				GCC_C_LANGUAGE_STANDARD = gnu99;
				GCC_WARN_64_TO_32_BIT_CONVERSION = YES;
				GCC_WARN_ABOUT_RETURN_TYPE = YES_ERROR;
				GCC_WARN_UNDECLARED_SELECTOR = YES;
				GCC_WARN_UNINITIALIZED_AUTOS = YES_AGGRESSIVE;
				GCC_WARN_UNUSED_FUNCTION = YES;
				GCC_WARN_UNUSED_VARIABLE = YES;
				IPHONEOS_DEPLOYMENT_TARGET = 8.1;
				MTL_ENABLE_DEBUG_INFO = NO;
				SDKROOT = iphoneos;
				TARGETED_DEVICE_FAMILY = "1,2";
				VALIDATE_PRODUCT = YES;
			};
			name = Release;
		};
		E27CF12E1A7A830F00E91083 /* Debug */ = {
			isa = XCBuildConfiguration;
			baseConfigurationReference = 88A29C0430408F8B20C1ADB9 /* Pods.debug.xcconfig */;
			buildSettings = {
				ASSETCATALOG_COMPILER_APPICON_NAME = AppIcon;
				CODE_SIGN_IDENTITY = "iPhone Developer: Vikas Dalvi (KPC4YCDD23)";
				GCC_PREFIX_HEADER = MMRSSReader.pch;
				INFOPLIST_FILE = MMRSSReader/Info.plist;
				IPHONEOS_DEPLOYMENT_TARGET = 8.0;
				LD_RUNPATH_SEARCH_PATHS = "$(inherited) @executable_path/Frameworks";
				PRODUCT_NAME = MMRSSReader;
				PROVISIONING_PROFILE = "10BCFE92-FE07-4D54-94A4-77D9A35E21AB";
			};
			name = Debug;
		};
		E27CF12F1A7A830F00E91083 /* Release */ = {
			isa = XCBuildConfiguration;
			baseConfigurationReference = 67F7D141CB64AA2F60EDF169 /* Pods.release.xcconfig */;
			buildSettings = {
				ASSETCATALOG_COMPILER_APPICON_NAME = AppIcon;
				CODE_SIGN_IDENTITY = "iPhone Developer: Vikas Dalvi (KPC4YCDD23)";
				GCC_PREFIX_HEADER = MMRSSReader.pch;
				INFOPLIST_FILE = MMRSSReader/Info.plist;
				IPHONEOS_DEPLOYMENT_TARGET = 8.0;
				LD_RUNPATH_SEARCH_PATHS = "$(inherited) @executable_path/Frameworks";
				PRODUCT_NAME = MMRSSReader;
				PROVISIONING_PROFILE = "10BCFE92-FE07-4D54-94A4-77D9A35E21AB";
			};
			name = Release;
		};
/* End XCBuildConfiguration section */

/* Begin XCConfigurationList section */
		E27CF1021A7A830F00E91083 /* Build configuration list for PBXProject "MMRSSReader" */ = {
			isa = XCConfigurationList;
			buildConfigurations = (
				E27CF12B1A7A830F00E91083 /* Debug */,
				E27CF12C1A7A830F00E91083 /* Release */,
			);
			defaultConfigurationIsVisible = 0;
			defaultConfigurationName = Release;
		};
		E27CF12D1A7A830F00E91083 /* Build configuration list for PBXNativeTarget "MMRSSReader" */ = {
			isa = XCConfigurationList;
			buildConfigurations = (
				E27CF12E1A7A830F00E91083 /* Debug */,
				E27CF12F1A7A830F00E91083 /* Release */,
			);
			defaultConfigurationIsVisible = 0;
			defaultConfigurationName = Release;
		};
/* End XCConfigurationList section */

/* Begin XCVersionGroup section */
		E27CF1111A7A830F00E91083 /* MMRSSReader.xcdatamodeld */ = {
			isa = XCVersionGroup;
			children = (
				E27CF1121A7A830F00E91083 /* MMRSSReader.xcdatamodel */,
			);
			currentVersion = E27CF1121A7A830F00E91083 /* MMRSSReader.xcdatamodel */;
			path = MMRSSReader.xcdatamodeld;
			sourceTree = "<group>";
			versionGroupType = wrapper.xcdatamodel;
		};
/* End XCVersionGroup section */
	};
	rootObject = E27CF0FF1A7A830F00E91083 /* Project object */;
}
